// !$*UTF8*$!
{
	archiveVersion = 1;
	classes = {
	};
	objectVersion = 48;
	objects = {

/* Begin PBXBuildFile section */
		F11A9772212FFE9C00FDD64C /* main.cpp in Sources */ = {isa = PBXBuildFile; fileRef = F11A9771212FFE9C00FDD64C /* main.cpp */; };
		F11A977A2130003000FDD64C /* retta.cpp in Sources */ = {isa = PBXBuildFile; fileRef = F11A97782130003000FDD64C /* retta.cpp */; };
/* End PBXBuildFile section */

/* Begin PBXCopyFilesBuildPhase section */
		F11A976C212FFE9C00FDD64C /* CopyFiles */ = {
			isa = PBXCopyFilesBuildPhase;
			buildActionMask = 2147483647;
			dstPath = /usr/share/man/man1/;
			dstSubfolderSpec = 0;
			files = (
			);
			runOnlyForDeploymentPostprocessing = 1;
		};
/* End PBXCopyFilesBuildPhase section */

/* Begin PBXFileReference section */
		F11A976E212FFE9C00FDD64C /* AA28_Piano_Cartesiano */ = {isa = PBXFileReference; explicitFileType = "compiled.mach-o.executable"; includeInIndex = 0; path = AA28_Piano_Cartesiano; sourceTree = BUILT_PRODUCTS_DIR; };
		F11A9771212FFE9C00FDD64C /* main.cpp */ = {isa = PBXFileReference; lastKnownFileType = sourcecode.cpp.cpp; path = main.cpp; sourceTree = "<group>"; };
		F11A97782130003000FDD64C /* retta.cpp */ = {isa = PBXFileReference; lastKnownFileType = sourcecode.cpp.cpp; path = retta.cpp; sourceTree = "<group>"; };
		F11A97792130003000FDD64C /* retta.hpp */ = {isa = PBXFileReference; lastKnownFileType = sourcecode.cpp.h; path = retta.hpp; sourceTree = "<group>"; };
/* End PBXFileReference section */

/* Begin PBXFrameworksBuildPhase section */
		F11A976B212FFE9C00FDD64C /* Frameworks */ = {
			isa = PBXFrameworksBuildPhase;
			buildActionMask = 2147483647;
			files = (
			);
			runOnlyForDeploymentPostprocessing = 0;
		};
/* End PBXFrameworksBuildPhase section */

/* Begin PBXGroup section */
		F11A9765212FFE9B00FDD64C = {
			isa = PBXGroup;
			children = (
				F11A9770212FFE9C00FDD64C /* AA28_Piano_Cartesiano */,
				F11A976F212FFE9C00FDD64C /* Products */,
			);
			sourceTree = "<group>";
		};
		F11A976F212FFE9C00FDD64C /* Products */ = {
			isa = PBXGroup;
			children = (
				F11A976E212FFE9C00FDD64C /* AA28_Piano_Cartesiano */,
			);
			name = Products;
			sourceTree = "<group>";
		};
		F11A9770212FFE9C00FDD64C /* AA28_Piano_Cartesiano */ = {
			isa = PBXGroup;
			children = (
				F11A9771212FFE9C00FDD64C /* main.cpp */,
				F11A97782130003000FDD64C /* retta.cpp */,
				F11A97792130003000FDD64C /* retta.hpp */,
			);
			path = AA28_Piano_Cartesiano;
			sourceTree = "<group>";
		};
/* End PBXGroup section */

/* Begin PBXNativeTarget section */
		F11A976D212FFE9C00FDD64C /* AA28_Piano_Cartesiano */ = {
			isa = PBXNativeTarget;
			buildConfigurationList = F11A9775212FFE9C00FDD64C /* Build configuration list for PBXNativeTarget "AA28_Piano_Cartesiano" */;
			buildPhases = (
				F11A976A212FFE9C00FDD64C /* Sources */,
				F11A976B212FFE9C00FDD64C /* Frameworks */,
				F11A976C212FFE9C00FDD64C /* CopyFiles */,
			);
			buildRules = (
			);
			dependencies = (
			);
			name = AA28_Piano_Cartesiano;
			productName = AA28_Piano_Cartesiano;
			productReference = F11A976E212FFE9C00FDD64C /* AA28_Piano_Cartesiano */;
			productType = "com.apple.product-type.tool";
		};
/* End PBXNativeTarget section */

/* Begin PBXProject section */
		F11A9766212FFE9B00FDD64C /* Project object */ = {
			isa = PBXProject;
			attributes = {
				LastUpgradeCheck = 0910;
				ORGANIZATIONNAME = "Leonardo Silvagni";
				TargetAttributes = {
					F11A976D212FFE9C00FDD64C = {
						CreatedOnToolsVersion = 9.1;
						ProvisioningStyle = Automatic;
					};
				};
			};
			buildConfigurationList = F11A9769212FFE9B00FDD64C /* Build configuration list for PBXProject "AA28_Piano_Cartesiano" */;
			compatibilityVersion = "Xcode 8.0";
			developmentRegion = en;
			hasScannedForEncodings = 0;
			knownRegions = (
				en,
			);
			mainGroup = F11A9765212FFE9B00FDD64C;
			productRefGroup = F11A976F212FFE9C00FDD64C /* Products */;
			projectDirPath = "";
			projectRoot = "";
			targets = (
				F11A976D212FFE9C00FDD64C /* AA28_Piano_Cartesiano */,
			);
		};
/* End PBXProject section */

/* Begin PBXSourcesBuildPhase section */
		F11A976A212FFE9C00FDD64C /* Sources */ = {
			isa = PBXSourcesBuildPhase;
			buildActionMask = 2147483647;
			files = (
				F11A977A2130003000FDD64C /* retta.cpp in Sources */,
				F11A9772212FFE9C00FDD64C /* main.cpp in Sources */,
			);
			runOnlyForDeploymentPostprocessing = 0;
		};
/* End PBXSourcesBuildPhase section */

/* Begin XCBuildConfiguration section */
		F11A9773212FFE9C00FDD64C /* Debug */ = {
			isa = XCBuildConfiguration;
			buildSettings = {
				ALWAYS_SEARCH_USER_PATHS = NO;
				CLANG_ANALYZER_NONNULL = YES;
				CLANG_ANALYZER_NUMBER_OBJECT_CONVERSION = YES_AGGRESSIVE;
				CLANG_CXX_LANGUAGE_STANDARD = "gnu++14";
				CLANG_CXX_LIBRARY = "libc++";
				CLANG_ENABLE_MODULES = YES;
				CLANG_ENABLE_OBJC_ARC = YES;
				CLANG_WARN_BLOCK_CAPTURE_AUTORELEASING = YES;
				CLANG_WARN_BOOL_CONVERSION = YES;
				CLANG_WARN_COMMA = YES;
				CLANG_WARN_CONSTANT_CONVERSION = YES;
				CLANG_WARN_DIRECT_OBJC_ISA_USAGE = YES_ERROR;
				CLANG_WARN_DOCUMENTATION_COMMENTS = YES;
				CLANG_WARN_EMPTY_BODY = YES;
				CLANG_WARN_ENUM_CONVERSION = YES;
				CLANG_WARN_INFINITE_RECURSION = YES;
				CLANG_WARN_INT_CONVERSION = YES;
				CLANG_WARN_NON_LITERAL_NULL_CONVERSION = YES;
				CLANG_WARN_OBJC_LITERAL_CONVERSION = YES;
				CLANG_WARN_OBJC_ROOT_CLASS = YES_ERROR;
				CLANG_WARN_RANGE_LOOP_ANALYSIS = YES;
				CLANG_WARN_STRICT_PROTOTYPES = YES;
				CLANG_WARN_SUSPICIOUS_MOVE = YES;
				CLANG_WARN_UNGUARDED_AVAILABILITY = YES_AGGRESSIVE;
				CLANG_WARN_UNREACHABLE_CODE = YES;
				CLANG_WARN__DUPLICATE_METHOD_MATCH = YES;
				CODE_SIGN_IDENTITY = "Mac Developer";
				COPY_PHASE_STRIP = NO;
				DEBUG_INFORMATION_FORMAT = dwarf;
				ENABLE_STRICT_OBJC_MSGSEND = YES;
				ENABLE_TESTABILITY = YES;
				GCC_C_LANGUAGE_STANDARD = gnu11;
				GCC_DYNAMIC_NO_PIC = NO;
				GCC_NO_COMMON_BLOCKS = YES;
				GCC_OPTIMIZATION_LEVEL = 0;
				GCC_PREPROCESSOR_DEFINITIONS = (
					"DEBUG=1",
					"$(inherited)",
				);
				GCC_WARN_64_TO_32_BIT_CONVERSION = YES;
				GCC_WARN_ABOUT_RETURN_TYPE = YES_ERROR;
				GCC_WARN_UNDECLARED_SELECTOR = YES;
				GCC_WARN_UNINITIALIZED_AUTOS = YES_AGGRESSIVE;
				GCC_WARN_UNUSED_FUNCTION = YES;
				GCC_WARN_UNUSED_VARIABLE = YES;
				MACOSX_DEPLOYMENT_TARGET = 10.13;
				MTL_ENABLE_DEBUG_INFO = YES;
				ONLY_ACTIVE_ARCH = YES;
				SDKROOT = macosx;
			};
			name = Debug;
		};
		F11A9774212FFE9C00FDD64C /* Release */ = {
			isa = XCBuildConfiguration;
			buildSettings = {
				ALWAYS_SEARCH_USER_PATHS = NO;
				CLANG_ANALYZER_NONNULL = YES;
				CLANG_ANALYZER_NUMBER_OBJECT_CONVERSION = YES_AGGRESSIVE;
				CLANG_CXX_LANGUAGE_STANDARD = "gnu++14";
				CLANG_CXX_LIBRARY = "libc++";
				CLANG_ENABLE_MODULES = YES;
				CLANG_ENABLE_OBJC_ARC = YES;
				CLANG_WARN_BLOCK_CAPTURE_AUTORELEASING = YES;
				CLANG_WARN_BOOL_CONVERSION = YES;
				CLANG_WARN_COMMA = YES;
				CLANG_WARN_CONSTANT_CONVERSION = YES;
				CLANG_WARN_DIRECT_OBJC_ISA_USAGE = YES_ERROR;
				CLANG_WARN_DOCUMENTATION_COMMENTS = YES;
				CLANG_WARN_EMPTY_BODY = YES;
				CLANG_WARN_ENUM_CONVERSION = YES;
				CLANG_WARN_INFINITE_RECURSION = YES;
				CLANG_WARN_INT_CONVERSION = YES;
				CLANG_WARN_NON_LITERAL_NULL_CONVERSION = YES;
				CLANG_WARN_OBJC_LITERAL_CONVERSION = YES;
				CLANG_WARN_OBJC_ROOT_CLASS = YES_ERROR;
				CLANG_WARN_RANGE_LOOP_ANALYSIS = YES;
				CLANG_WARN_STRICT_PROTOTYPES = YES;
				CLANG_WARN_SUSPICIOUS_MOVE = YES;
				CLANG_WARN_UNGUARDED_AVAILABILITY = YES_AGGRESSIVE;
				CLANG_WARN_UNREACHABLE_CODE = YES;
				CLANG_WARN__DUPLICATE_METHOD_MATCH = YES;
				CODE_SIGN_IDENTITY = "Mac Developer";
				COPY_PHASE_STRIP = NO;
				DEBUG_INFORMATION_FORMAT = "dwarf-with-dsym";
				ENABLE_NS_ASSERTIONS = NO;
				ENABLE_STRICT_OBJC_MSGSEND = YES;
				GCC_C_LANGUAGE_STANDARD = gnu11;
				GCC_NO_COMMON_BLOCKS = YES;
				GCC_WARN_64_TO_32_BIT_CONVERSION = YES;
				GCC_WARN_ABOUT_RETURN_TYPE = YES_ERROR;
				GCC_WARN_UNDECLARED_SELECTOR = YES;
				GCC_WARN_UNINITIALIZED_AUTOS = YES_AGGRESSIVE;
				GCC_WARN_UNUSED_FUNCTION = YES;
				GCC_WARN_UNUSED_VARIABLE = YES;
				MACOSX_DEPLOYMENT_TARGET = 10.13;
				MTL_ENABLE_DEBUG_INFO = NO;
				SDKROOT = macosx;
			};
			name = Release;
		};
		F11A9776212FFE9C00FDD64C /* Debug */ = {
			isa = XCBuildConfiguration;
			buildSettings = {
				CODE_SIGN_STYLE = Automatic;
				DEVELOPMENT_TEAM = NP84EVHD44;
				PRODUCT_NAME = "$(TARGET_NAME)";
			};
			name = Debug;
		};
		F11A9777212FFE9C00FDD64C /* Release */ = {
			isa = XCBuildConfiguration;
			buildSettings = {
				CODE_SIGN_STYLE = Automatic;
				DEVELOPMENT_TEAM = NP84EVHD44;
				PRODUCT_NAME = "$(TARGET_NAME)";
			};
			name = Release;
		};
/* End XCBuildConfiguration section */

/* Begin XCConfigurationList section */
		F11A9769212FFE9B00FDD64C /* Build configuration list for PBXProject "AA28_Piano_Cartesiano" */ = {
			isa = XCConfigurationList;
			buildConfigurations = (
				F11A9773212FFE9C00FDD64C /* Debug */,
				F11A9774212FFE9C00FDD64C /* Release */,
			);
			defaultConfigurationIsVisible = 0;
			defaultConfigurationName = Release;
		};
		F11A9775212FFE9C00FDD64C /* Build configuration list for PBXNativeTarget "AA28_Piano_Cartesiano" */ = {
			isa = XCConfigurationList;
			buildConfigurations = (
				F11A9776212FFE9C00FDD64C /* Debug */,
				F11A9777212FFE9C00FDD64C /* Release */,
			);
			defaultConfigurationIsVisible = 0;
			defaultConfigurationName = Release;
		};
/* End XCConfigurationList section */
	};
	rootObject = F11A9766212FFE9B00FDD64C /* Project object */;
}
